
Microsoft Visual Studio Solution File, Format Version 12.00
# Visual Studio Version 16
VisualStudioVersion = 25.0.1706.4
MinimumVisualStudioVersion = 10.0.40219.1
Project("{FAE04EC0-301F-11D3-BF4B-00C04F79EFBC}") = "AvansDevOps-11", "AvansDevOps-11\AvansDevOps-11.csproj", "{BCB022E2-508D-4747-99F5-8DBDE3D98FE4}"
EndProject
Global
	GlobalSection(SolutionConfigurationPlatforms) = preSolution
		Debug|Any CPU = Debug|Any CPU
		Release|Any CPU = Release|Any CPU
	EndGlobalSection
	GlobalSection(ProjectConfigurationPlatforms) = postSolution
		{BCB022E2-508D-4747-99F5-8DBDE3D98FE4}.Debug|Any CPU.ActiveCfg = Debug|Any CPU
		{BCB022E2-508D-4747-99F5-8DBDE3D98FE4}.Debug|Any CPU.Build.0 = Debug|Any CPU
		{BCB022E2-508D-4747-99F5-8DBDE3D98FE4}.Release|Any CPU.ActiveCfg = Release|Any CPU
		{BCB022E2-508D-4747-99F5-8DBDE3D98FE4}.Release|Any CPU.Build.0 = Release|Any CPU
	EndGlobalSection
	GlobalSection(SolutionProperties) = preSolution
		HideSolutionNode = FALSE
	EndGlobalSection
	GlobalSection(ExtensibilityGlobals) = postSolution
		SolutionGuid = {10D3E253-CFFD-4616-8C08-7133E274751A}
	EndGlobalSection
EndGlobal
